
Microsoft Visual Studio Solution File, Format Version 12.00
# Visual Studio Version 16
VisualStudioVersion = 16.0.30225.117
MinimumVisualStudioVersion = 10.0.40219.1
Project("{FAE04EC0-301F-11D3-BF4B-00C04F79EFBC}") = "ONEBatchExtractor", "ONEBatchExtractor\ONEBatchExtractor.csproj", "{3E78CFA0-C21D-4587-8DA7-413219898BFF}"
EndProject
Project("{9A19103F-16F7-4668-BE54-9A1E7A4F7556}") = "HeroesONE_R", "HeroesONE-Reloaded\HeroesONE++\HeroesONE_R.csproj", "{19802AD2-4F4F-4AF3-9908-723D2856BAD8}"
EndProject
Global
	GlobalSection(SolutionConfigurationPlatforms) = preSolution
		Debug|Any CPU = Debug|Any CPU
		Debug|x64 = Debug|x64
		Debug|x86 = Debug|x86
		Release|Any CPU = Release|Any CPU
		Release|x64 = Release|x64
		Release|x86 = Release|x86
	EndGlobalSection
	GlobalSection(ProjectConfigurationPlatforms) = postSolution
		{3E78CFA0-C21D-4587-8DA7-413219898BFF}.Debug|Any CPU.ActiveCfg = Debug|Any CPU
		{3E78CFA0-C21D-4587-8DA7-413219898BFF}.Debug|Any CPU.Build.0 = Debug|Any CPU
		{3E78CFA0-C21D-4587-8DA7-413219898BFF}.Debug|x64.ActiveCfg = Debug|Any CPU
		{3E78CFA0-C21D-4587-8DA7-413219898BFF}.Debug|x64.Build.0 = Debug|Any CPU
		{3E78CFA0-C21D-4587-8DA7-413219898BFF}.Debug|x86.ActiveCfg = Debug|Any CPU
		{3E78CFA0-C21D-4587-8DA7-413219898BFF}.Debug|x86.Build.0 = Debug|Any CPU
		{3E78CFA0-C21D-4587-8DA7-413219898BFF}.Release|Any CPU.ActiveCfg = Release|Any CPU
		{3E78CFA0-C21D-4587-8DA7-413219898BFF}.Release|Any CPU.Build.0 = Release|Any CPU
		{3E78CFA0-C21D-4587-8DA7-413219898BFF}.Release|x64.ActiveCfg = Release|Any CPU
		{3E78CFA0-C21D-4587-8DA7-413219898BFF}.Release|x64.Build.0 = Release|Any CPU
		{3E78CFA0-C21D-4587-8DA7-413219898BFF}.Release|x86.ActiveCfg = Release|Any CPU
		{3E78CFA0-C21D-4587-8DA7-413219898BFF}.Release|x86.Build.0 = Release|Any CPU
		{19802AD2-4F4F-4AF3-9908-723D2856BAD8}.Debug|Any CPU.ActiveCfg = Debug|Any CPU
		{19802AD2-4F4F-4AF3-9908-723D2856BAD8}.Debug|Any CPU.Build.0 = Debug|Any CPU
		{19802AD2-4F4F-4AF3-9908-723D2856BAD8}.Debug|x64.ActiveCfg = Debug|x64
		{19802AD2-4F4F-4AF3-9908-723D2856BAD8}.Debug|x64.Build.0 = Debug|x64
		{19802AD2-4F4F-4AF3-9908-723D2856BAD8}.Debug|x86.ActiveCfg = Debug|x86
		{19802AD2-4F4F-4AF3-9908-723D2856BAD8}.Debug|x86.Build.0 = Debug|x86
		{19802AD2-4F4F-4AF3-9908-723D2856BAD8}.Release|Any CPU.ActiveCfg = Release|Any CPU
		{19802AD2-4F4F-4AF3-9908-723D2856BAD8}.Release|Any CPU.Build.0 = Release|Any CPU
		{19802AD2-4F4F-4AF3-9908-723D2856BAD8}.Release|x64.ActiveCfg = Release|x64
		{19802AD2-4F4F-4AF3-9908-723D2856BAD8}.Release|x64.Build.0 = Release|x64
		{19802AD2-4F4F-4AF3-9908-723D2856BAD8}.Release|x86.ActiveCfg = Release|x86
		{19802AD2-4F4F-4AF3-9908-723D2856BAD8}.Release|x86.Build.0 = Release|x86
	EndGlobalSection
	GlobalSection(SolutionProperties) = preSolution
		HideSolutionNode = FALSE
	EndGlobalSection
	GlobalSection(ExtensibilityGlobals) = postSolution
		SolutionGuid = {40E5DB75-C6FD-41BB-BBF3-4D65373D19A8}
	EndGlobalSection
EndGlobal
